
Microsoft Visual Studio Solution File, Format Version 12.00
# Visual Studio 15
VisualStudioVersion = 15.0.27428.2027
MinimumVisualStudioVersion = 10.0.40219.1
Project("{FAE04EC0-301F-11D3-BF4B-00C04F79EFBC}") = "LLAtx_Lite.Android", "LLAtx_Lite\LLAtx_Lite.Android\LLAtx_Lite.Android.csproj", "{A4AFC04B-8D45-4031-A6C8-3DBEDB26EEF8}"
EndProject
Project("{FAE04EC0-301F-11D3-BF4B-00C04F79EFBC}") = "LLAtx_Lite.iOS", "LLAtx_Lite\LLAtx_Lite.iOS\LLAtx_Lite.iOS.csproj", "{72C1DDDB-6BEB-4CA1-B1FD-5E8E580823EE}"
EndProject
Project("{D954291E-2A0B-460D-934E-DC6B0785DB48}") = "LLAtx_Lite", "LLAtx_Lite\LLAtx_Lite\LLAtx_Lite.shproj", "{4782AD4A-D5E7-41F6-AB4F-9B2C640F153D}"
EndProject
Global
	GlobalSection(SharedMSBuildProjectFiles) = preSolution
		LLAtx_Lite\LLAtx_Lite\LLAtx_Lite.projitems*{4782ad4a-d5e7-41f6-ab4f-9b2c640f153d}*SharedItemsImports = 13
		LLAtx_Lite\LLAtx_Lite\LLAtx_Lite.projitems*{72c1dddb-6beb-4ca1-b1fd-5e8e580823ee}*SharedItemsImports = 4
		LLAtx_Lite\LLAtx_Lite\LLAtx_Lite.projitems*{a4afc04b-8d45-4031-a6c8-3dbedb26eef8}*SharedItemsImports = 4
	EndGlobalSection
	GlobalSection(SolutionConfigurationPlatforms) = preSolution
		Ad-Hoc|Any CPU = Ad-Hoc|Any CPU
		Ad-Hoc|iPhone = Ad-Hoc|iPhone
		Ad-Hoc|iPhoneSimulator = Ad-Hoc|iPhoneSimulator
		AppStore|Any CPU = AppStore|Any CPU
		AppStore|iPhone = AppStore|iPhone
		AppStore|iPhoneSimulator = AppStore|iPhoneSimulator
		Debug|Any CPU = Debug|Any CPU
		Debug|iPhone = Debug|iPhone
		Debug|iPhoneSimulator = Debug|iPhoneSimulator
		Release|Any CPU = Release|Any CPU
		Release|iPhone = Release|iPhone
		Release|iPhoneSimulator = Release|iPhoneSimulator
	EndGlobalSection
	GlobalSection(ProjectConfigurationPlatforms) = postSolution
		{A4AFC04B-8D45-4031-A6C8-3DBEDB26EEF8}.Ad-Hoc|Any CPU.ActiveCfg = Release|Any CPU
		{A4AFC04B-8D45-4031-A6C8-3DBEDB26EEF8}.Ad-Hoc|Any CPU.Build.0 = Release|Any CPU
		{A4AFC04B-8D45-4031-A6C8-3DBEDB26EEF8}.Ad-Hoc|Any CPU.Deploy.0 = Release|Any CPU
		{A4AFC04B-8D45-4031-A6C8-3DBEDB26EEF8}.Ad-Hoc|iPhone.ActiveCfg = Release|Any CPU
		{A4AFC04B-8D45-4031-A6C8-3DBEDB26EEF8}.Ad-Hoc|iPhone.Build.0 = Release|Any CPU
		{A4AFC04B-8D45-4031-A6C8-3DBEDB26EEF8}.Ad-Hoc|iPhone.Deploy.0 = Release|Any CPU
		{A4AFC04B-8D45-4031-A6C8-3DBEDB26EEF8}.Ad-Hoc|iPhoneSimulator.ActiveCfg = Release|Any CPU
		{A4AFC04B-8D45-4031-A6C8-3DBEDB26EEF8}.Ad-Hoc|iPhoneSimulator.Build.0 = Release|Any CPU
		{A4AFC04B-8D45-4031-A6C8-3DBEDB26EEF8}.Ad-Hoc|iPhoneSimulator.Deploy.0 = Release|Any CPU
		{A4AFC04B-8D45-4031-A6C8-3DBEDB26EEF8}.AppStore|Any CPU.ActiveCfg = Release|Any CPU
		{A4AFC04B-8D45-4031-A6C8-3DBEDB26EEF8}.AppStore|Any CPU.Build.0 = Release|Any CPU
		{A4AFC04B-8D45-4031-A6C8-3DBEDB26EEF8}.AppStore|Any CPU.Deploy.0 = Release|Any CPU
		{A4AFC04B-8D45-4031-A6C8-3DBEDB26EEF8}.AppStore|iPhone.ActiveCfg = Release|Any CPU
		{A4AFC04B-8D45-4031-A6C8-3DBEDB26EEF8}.AppStore|iPhone.Build.0 = Release|Any CPU
		{A4AFC04B-8D45-4031-A6C8-3DBEDB26EEF8}.AppStore|iPhone.Deploy.0 = Release|Any CPU
		{A4AFC04B-8D45-4031-A6C8-3DBEDB26EEF8}.AppStore|iPhoneSimulator.ActiveCfg = Release|Any CPU
		{A4AFC04B-8D45-4031-A6C8-3DBEDB26EEF8}.AppStore|iPhoneSimulator.Build.0 = Release|Any CPU
		{A4AFC04B-8D45-4031-A6C8-3DBEDB26EEF8}.AppStore|iPhoneSimulator.Deploy.0 = Release|Any CPU
		{A4AFC04B-8D45-4031-A6C8-3DBEDB26EEF8}.Debug|Any CPU.ActiveCfg = Debug|Any CPU
		{A4AFC04B-8D45-4031-A6C8-3DBEDB26EEF8}.Debug|Any CPU.Build.0 = Debug|Any CPU
		{A4AFC04B-8D45-4031-A6C8-3DBEDB26EEF8}.Debug|Any CPU.Deploy.0 = Debug|Any CPU
		{A4AFC04B-8D45-4031-A6C8-3DBEDB26EEF8}.Debug|iPhone.ActiveCfg = Debug|Any CPU
		{A4AFC04B-8D45-4031-A6C8-3DBEDB26EEF8}.Debug|iPhone.Build.0 = Debug|Any CPU
		{A4AFC04B-8D45-4031-A6C8-3DBEDB26EEF8}.Debug|iPhone.Deploy.0 = Debug|Any CPU
		{A4AFC04B-8D45-4031-A6C8-3DBEDB26EEF8}.Debug|iPhoneSimulator.ActiveCfg = Debug|Any CPU
		{A4AFC04B-8D45-4031-A6C8-3DBEDB26EEF8}.Debug|iPhoneSimulator.Build.0 = Debug|Any CPU
		{A4AFC04B-8D45-4031-A6C8-3DBEDB26EEF8}.Debug|iPhoneSimulator.Deploy.0 = Debug|Any CPU
		{A4AFC04B-8D45-4031-A6C8-3DBEDB26EEF8}.Release|Any CPU.ActiveCfg = Release|Any CPU
		{A4AFC04B-8D45-4031-A6C8-3DBEDB26EEF8}.Release|Any CPU.Build.0 = Release|Any CPU
		{A4AFC04B-8D45-4031-A6C8-3DBEDB26EEF8}.Release|Any CPU.Deploy.0 = Release|Any CPU
		{A4AFC04B-8D45-4031-A6C8-3DBEDB26EEF8}.Release|iPhone.ActiveCfg = Release|Any CPU
		{A4AFC04B-8D45-4031-A6C8-3DBEDB26EEF8}.Release|iPhone.Build.0 = Release|Any CPU
		{A4AFC04B-8D45-4031-A6C8-3DBEDB26EEF8}.Release|iPhone.Deploy.0 = Release|Any CPU
		{A4AFC04B-8D45-4031-A6C8-3DBEDB26EEF8}.Release|iPhoneSimulator.ActiveCfg = Release|Any CPU
		{A4AFC04B-8D45-4031-A6C8-3DBEDB26EEF8}.Release|iPhoneSimulator.Build.0 = Release|Any CPU
		{A4AFC04B-8D45-4031-A6C8-3DBEDB26EEF8}.Release|iPhoneSimulator.Deploy.0 = Release|Any CPU
		{72C1DDDB-6BEB-4CA1-B1FD-5E8E580823EE}.Ad-Hoc|Any CPU.ActiveCfg = Ad-Hoc|iPhone
		{72C1DDDB-6BEB-4CA1-B1FD-5E8E580823EE}.Ad-Hoc|iPhone.ActiveCfg = Ad-Hoc|iPhone
		{72C1DDDB-6BEB-4CA1-B1FD-5E8E580823EE}.Ad-Hoc|iPhone.Build.0 = Ad-Hoc|iPhone
		{72C1DDDB-6BEB-4CA1-B1FD-5E8E580823EE}.Ad-Hoc|iPhoneSimulator.ActiveCfg = Ad-Hoc|iPhoneSimulator
		{72C1DDDB-6BEB-4CA1-B1FD-5E8E580823EE}.Ad-Hoc|iPhoneSimulator.Build.0 = Ad-Hoc|iPhoneSimulator
		{72C1DDDB-6BEB-4CA1-B1FD-5E8E580823EE}.AppStore|Any CPU.ActiveCfg = AppStore|iPhone
		{72C1DDDB-6BEB-4CA1-B1FD-5E8E580823EE}.AppStore|iPhone.ActiveCfg = AppStore|iPhone
		{72C1DDDB-6BEB-4CA1-B1FD-5E8E580823EE}.AppStore|iPhone.Build.0 = AppStore|iPhone
		{72C1DDDB-6BEB-4CA1-B1FD-5E8E580823EE}.AppStore|iPhoneSimulator.ActiveCfg = AppStore|iPhoneSimulator
		{72C1DDDB-6BEB-4CA1-B1FD-5E8E580823EE}.AppStore|iPhoneSimulator.Build.0 = AppStore|iPhoneSimulator
		{72C1DDDB-6BEB-4CA1-B1FD-5E8E580823EE}.Debug|Any CPU.ActiveCfg = Debug|iPhone
		{72C1DDDB-6BEB-4CA1-B1FD-5E8E580823EE}.Debug|iPhone.ActiveCfg = Debug|iPhone
		{72C1DDDB-6BEB-4CA1-B1FD-5E8E580823EE}.Debug|iPhone.Build.0 = Debug|iPhone
		{72C1DDDB-6BEB-4CA1-B1FD-5E8E580823EE}.Debug|iPhoneSimulator.ActiveCfg = Debug|iPhoneSimulator
		{72C1DDDB-6BEB-4CA1-B1FD-5E8E580823EE}.Debug|iPhoneSimulator.Build.0 = Debug|iPhoneSimulator
		{72C1DDDB-6BEB-4CA1-B1FD-5E8E580823EE}.Release|Any CPU.ActiveCfg = Release|iPhone
		{72C1DDDB-6BEB-4CA1-B1FD-5E8E580823EE}.Release|iPhone.ActiveCfg = Release|iPhone
		{72C1DDDB-6BEB-4CA1-B1FD-5E8E580823EE}.Release|iPhone.Build.0 = Release|iPhone
		{72C1DDDB-6BEB-4CA1-B1FD-5E8E580823EE}.Release|iPhoneSimulator.ActiveCfg = Release|iPhoneSimulator
		{72C1DDDB-6BEB-4CA1-B1FD-5E8E580823EE}.Release|iPhoneSimulator.Build.0 = Release|iPhoneSimulator
	EndGlobalSection
	GlobalSection(SolutionProperties) = preSolution
		HideSolutionNode = FALSE
	EndGlobalSection
	GlobalSection(ExtensibilityGlobals) = postSolution
		SolutionGuid = {BE157902-7775-4647-A6FE-D0B5678C03DF}
	EndGlobalSection
EndGlobal
