
Microsoft Visual Studio Solution File, Format Version 12.00
# Visual Studio 15
VisualStudioVersion = 15.0.27428.2037
MinimumVisualStudioVersion = 10.0.40219.1
Project("{FAE04EC0-301F-11D3-BF4B-00C04F79EFBC}") = "MIB_Premium.Android", "MIB_Premium\MIB_Premium.Android\MIB_Premium.Android.csproj", "{8B28213C-F7F0-40B1-B296-7EFD6130072E}"
EndProject
Project("{FAE04EC0-301F-11D3-BF4B-00C04F79EFBC}") = "MIB_Premium.iOS", "MIB_Premium\MIB_Premium.iOS\MIB_Premium.iOS.csproj", "{CA44AA0E-03D4-4BA1-BF1A-9102AD3CFE64}"
EndProject
Project("{D954291E-2A0B-460D-934E-DC6B0785DB48}") = "MIB_Premium", "MIB_Premium\MIB_Premium\MIB_Premium.shproj", "{E159144C-4461-49A8-B85B-D09E338395A2}"
EndProject
Global
	GlobalSection(SharedMSBuildProjectFiles) = preSolution
		MIB_Premium\MIB_Premium\MIB_Premium.projitems*{8b28213c-f7f0-40b1-b296-7efd6130072e}*SharedItemsImports = 4
		MIB_Premium\MIB_Premium\MIB_Premium.projitems*{ca44aa0e-03d4-4ba1-bf1a-9102ad3cfe64}*SharedItemsImports = 4
		MIB_Premium\MIB_Premium\MIB_Premium.projitems*{e159144c-4461-49a8-b85b-d09e338395a2}*SharedItemsImports = 13
	EndGlobalSection
	GlobalSection(SolutionConfigurationPlatforms) = preSolution
		Ad-Hoc|Any CPU = Ad-Hoc|Any CPU
		Ad-Hoc|iPhone = Ad-Hoc|iPhone
		Ad-Hoc|iPhoneSimulator = Ad-Hoc|iPhoneSimulator
		AppStore|Any CPU = AppStore|Any CPU
		AppStore|iPhone = AppStore|iPhone
		AppStore|iPhoneSimulator = AppStore|iPhoneSimulator
		Debug|Any CPU = Debug|Any CPU
		Debug|iPhone = Debug|iPhone
		Debug|iPhoneSimulator = Debug|iPhoneSimulator
		Release|Any CPU = Release|Any CPU
		Release|iPhone = Release|iPhone
		Release|iPhoneSimulator = Release|iPhoneSimulator
	EndGlobalSection
	GlobalSection(ProjectConfigurationPlatforms) = postSolution
		{8B28213C-F7F0-40B1-B296-7EFD6130072E}.Ad-Hoc|Any CPU.ActiveCfg = Release|Any CPU
		{8B28213C-F7F0-40B1-B296-7EFD6130072E}.Ad-Hoc|Any CPU.Build.0 = Release|Any CPU
		{8B28213C-F7F0-40B1-B296-7EFD6130072E}.Ad-Hoc|Any CPU.Deploy.0 = Release|Any CPU
		{8B28213C-F7F0-40B1-B296-7EFD6130072E}.Ad-Hoc|iPhone.ActiveCfg = Release|Any CPU
		{8B28213C-F7F0-40B1-B296-7EFD6130072E}.Ad-Hoc|iPhone.Build.0 = Release|Any CPU
		{8B28213C-F7F0-40B1-B296-7EFD6130072E}.Ad-Hoc|iPhone.Deploy.0 = Release|Any CPU
		{8B28213C-F7F0-40B1-B296-7EFD6130072E}.Ad-Hoc|iPhoneSimulator.ActiveCfg = Release|Any CPU
		{8B28213C-F7F0-40B1-B296-7EFD6130072E}.Ad-Hoc|iPhoneSimulator.Build.0 = Release|Any CPU
		{8B28213C-F7F0-40B1-B296-7EFD6130072E}.Ad-Hoc|iPhoneSimulator.Deploy.0 = Release|Any CPU
		{8B28213C-F7F0-40B1-B296-7EFD6130072E}.AppStore|Any CPU.ActiveCfg = Release|Any CPU
		{8B28213C-F7F0-40B1-B296-7EFD6130072E}.AppStore|Any CPU.Build.0 = Release|Any CPU
		{8B28213C-F7F0-40B1-B296-7EFD6130072E}.AppStore|Any CPU.Deploy.0 = Release|Any CPU
		{8B28213C-F7F0-40B1-B296-7EFD6130072E}.AppStore|iPhone.ActiveCfg = Release|Any CPU
		{8B28213C-F7F0-40B1-B296-7EFD6130072E}.AppStore|iPhone.Build.0 = Release|Any CPU
		{8B28213C-F7F0-40B1-B296-7EFD6130072E}.AppStore|iPhone.Deploy.0 = Release|Any CPU
		{8B28213C-F7F0-40B1-B296-7EFD6130072E}.AppStore|iPhoneSimulator.ActiveCfg = Release|Any CPU
		{8B28213C-F7F0-40B1-B296-7EFD6130072E}.AppStore|iPhoneSimulator.Build.0 = Release|Any CPU
		{8B28213C-F7F0-40B1-B296-7EFD6130072E}.AppStore|iPhoneSimulator.Deploy.0 = Release|Any CPU
		{8B28213C-F7F0-40B1-B296-7EFD6130072E}.Debug|Any CPU.ActiveCfg = Debug|Any CPU
		{8B28213C-F7F0-40B1-B296-7EFD6130072E}.Debug|Any CPU.Build.0 = Debug|Any CPU
		{8B28213C-F7F0-40B1-B296-7EFD6130072E}.Debug|Any CPU.Deploy.0 = Debug|Any CPU
		{8B28213C-F7F0-40B1-B296-7EFD6130072E}.Debug|iPhone.ActiveCfg = Debug|Any CPU
		{8B28213C-F7F0-40B1-B296-7EFD6130072E}.Debug|iPhone.Build.0 = Debug|Any CPU
		{8B28213C-F7F0-40B1-B296-7EFD6130072E}.Debug|iPhone.Deploy.0 = Debug|Any CPU
		{8B28213C-F7F0-40B1-B296-7EFD6130072E}.Debug|iPhoneSimulator.ActiveCfg = Debug|Any CPU
		{8B28213C-F7F0-40B1-B296-7EFD6130072E}.Debug|iPhoneSimulator.Build.0 = Debug|Any CPU
		{8B28213C-F7F0-40B1-B296-7EFD6130072E}.Debug|iPhoneSimulator.Deploy.0 = Debug|Any CPU
		{8B28213C-F7F0-40B1-B296-7EFD6130072E}.Release|Any CPU.ActiveCfg = Release|Any CPU
		{8B28213C-F7F0-40B1-B296-7EFD6130072E}.Release|Any CPU.Build.0 = Release|Any CPU
		{8B28213C-F7F0-40B1-B296-7EFD6130072E}.Release|Any CPU.Deploy.0 = Release|Any CPU
		{8B28213C-F7F0-40B1-B296-7EFD6130072E}.Release|iPhone.ActiveCfg = Release|Any CPU
		{8B28213C-F7F0-40B1-B296-7EFD6130072E}.Release|iPhone.Build.0 = Release|Any CPU
		{8B28213C-F7F0-40B1-B296-7EFD6130072E}.Release|iPhone.Deploy.0 = Release|Any CPU
		{8B28213C-F7F0-40B1-B296-7EFD6130072E}.Release|iPhoneSimulator.ActiveCfg = Release|Any CPU
		{8B28213C-F7F0-40B1-B296-7EFD6130072E}.Release|iPhoneSimulator.Build.0 = Release|Any CPU
		{8B28213C-F7F0-40B1-B296-7EFD6130072E}.Release|iPhoneSimulator.Deploy.0 = Release|Any CPU
		{CA44AA0E-03D4-4BA1-BF1A-9102AD3CFE64}.Ad-Hoc|Any CPU.ActiveCfg = Ad-Hoc|iPhone
		{CA44AA0E-03D4-4BA1-BF1A-9102AD3CFE64}.Ad-Hoc|iPhone.ActiveCfg = Ad-Hoc|iPhone
		{CA44AA0E-03D4-4BA1-BF1A-9102AD3CFE64}.Ad-Hoc|iPhone.Build.0 = Ad-Hoc|iPhone
		{CA44AA0E-03D4-4BA1-BF1A-9102AD3CFE64}.Ad-Hoc|iPhoneSimulator.ActiveCfg = Ad-Hoc|iPhoneSimulator
		{CA44AA0E-03D4-4BA1-BF1A-9102AD3CFE64}.Ad-Hoc|iPhoneSimulator.Build.0 = Ad-Hoc|iPhoneSimulator
		{CA44AA0E-03D4-4BA1-BF1A-9102AD3CFE64}.AppStore|Any CPU.ActiveCfg = AppStore|iPhone
		{CA44AA0E-03D4-4BA1-BF1A-9102AD3CFE64}.AppStore|iPhone.ActiveCfg = AppStore|iPhone
		{CA44AA0E-03D4-4BA1-BF1A-9102AD3CFE64}.AppStore|iPhone.Build.0 = AppStore|iPhone
		{CA44AA0E-03D4-4BA1-BF1A-9102AD3CFE64}.AppStore|iPhoneSimulator.ActiveCfg = AppStore|iPhoneSimulator
		{CA44AA0E-03D4-4BA1-BF1A-9102AD3CFE64}.AppStore|iPhoneSimulator.Build.0 = AppStore|iPhoneSimulator
		{CA44AA0E-03D4-4BA1-BF1A-9102AD3CFE64}.Debug|Any CPU.ActiveCfg = Debug|iPhone
		{CA44AA0E-03D4-4BA1-BF1A-9102AD3CFE64}.Debug|iPhone.ActiveCfg = Debug|iPhone
		{CA44AA0E-03D4-4BA1-BF1A-9102AD3CFE64}.Debug|iPhone.Build.0 = Debug|iPhone
		{CA44AA0E-03D4-4BA1-BF1A-9102AD3CFE64}.Debug|iPhoneSimulator.ActiveCfg = Debug|iPhoneSimulator
		{CA44AA0E-03D4-4BA1-BF1A-9102AD3CFE64}.Debug|iPhoneSimulator.Build.0 = Debug|iPhoneSimulator
		{CA44AA0E-03D4-4BA1-BF1A-9102AD3CFE64}.Release|Any CPU.ActiveCfg = Release|iPhone
		{CA44AA0E-03D4-4BA1-BF1A-9102AD3CFE64}.Release|iPhone.ActiveCfg = Release|iPhone
		{CA44AA0E-03D4-4BA1-BF1A-9102AD3CFE64}.Release|iPhone.Build.0 = Release|iPhone
		{CA44AA0E-03D4-4BA1-BF1A-9102AD3CFE64}.Release|iPhoneSimulator.ActiveCfg = Release|iPhoneSimulator
		{CA44AA0E-03D4-4BA1-BF1A-9102AD3CFE64}.Release|iPhoneSimulator.Build.0 = Release|iPhoneSimulator
	EndGlobalSection
	GlobalSection(SolutionProperties) = preSolution
		HideSolutionNode = FALSE
	EndGlobalSection
	GlobalSection(ExtensibilityGlobals) = postSolution
		SolutionGuid = {61F88833-F766-4759-BAF3-F05646CD5555}
	EndGlobalSection
EndGlobal
