
Microsoft Visual Studio Solution File, Format Version 12.00
# Visual Studio 15
VisualStudioVersion = 15.0.27428.2027
MinimumVisualStudioVersion = 10.0.40219.1
Project("{FAE04EC0-301F-11D3-BF4B-00C04F79EFBC}") = "Zoll.Android", "Zoll\Zoll.Android\Zoll.Android.csproj", "{B37550F6-222D-414A-859C-04A5C1D552DE}"
EndProject
Project("{FAE04EC0-301F-11D3-BF4B-00C04F79EFBC}") = "Zoll.iOS", "Zoll\Zoll.iOS\Zoll.iOS.csproj", "{7495EAFE-61EC-4ABB-B3CB-E26A7F5EA363}"
EndProject
Project("{D954291E-2A0B-460D-934E-DC6B0785DB48}") = "Zoll", "Zoll\Zoll\Zoll.shproj", "{DCD8632A-FFE3-4B95-B684-0F951CDFFCDA}"
EndProject
Global
	GlobalSection(SharedMSBuildProjectFiles) = preSolution
		Zoll\Zoll\Zoll.projitems*{7495eafe-61ec-4abb-b3cb-e26a7f5ea363}*SharedItemsImports = 4
		Zoll\Zoll\Zoll.projitems*{b37550f6-222d-414a-859c-04a5c1d552de}*SharedItemsImports = 4
		Zoll\Zoll\Zoll.projitems*{dcd8632a-ffe3-4b95-b684-0f951cdffcda}*SharedItemsImports = 13
	EndGlobalSection
	GlobalSection(SolutionConfigurationPlatforms) = preSolution
		Ad-Hoc|Any CPU = Ad-Hoc|Any CPU
		Ad-Hoc|iPhone = Ad-Hoc|iPhone
		Ad-Hoc|iPhoneSimulator = Ad-Hoc|iPhoneSimulator
		AppStore|Any CPU = AppStore|Any CPU
		AppStore|iPhone = AppStore|iPhone
		AppStore|iPhoneSimulator = AppStore|iPhoneSimulator
		Debug|Any CPU = Debug|Any CPU
		Debug|iPhone = Debug|iPhone
		Debug|iPhoneSimulator = Debug|iPhoneSimulator
		Release|Any CPU = Release|Any CPU
		Release|iPhone = Release|iPhone
		Release|iPhoneSimulator = Release|iPhoneSimulator
	EndGlobalSection
	GlobalSection(ProjectConfigurationPlatforms) = postSolution
		{B37550F6-222D-414A-859C-04A5C1D552DE}.Ad-Hoc|Any CPU.ActiveCfg = Release|Any CPU
		{B37550F6-222D-414A-859C-04A5C1D552DE}.Ad-Hoc|Any CPU.Build.0 = Release|Any CPU
		{B37550F6-222D-414A-859C-04A5C1D552DE}.Ad-Hoc|Any CPU.Deploy.0 = Release|Any CPU
		{B37550F6-222D-414A-859C-04A5C1D552DE}.Ad-Hoc|iPhone.ActiveCfg = Release|Any CPU
		{B37550F6-222D-414A-859C-04A5C1D552DE}.Ad-Hoc|iPhone.Build.0 = Release|Any CPU
		{B37550F6-222D-414A-859C-04A5C1D552DE}.Ad-Hoc|iPhone.Deploy.0 = Release|Any CPU
		{B37550F6-222D-414A-859C-04A5C1D552DE}.Ad-Hoc|iPhoneSimulator.ActiveCfg = Release|Any CPU
		{B37550F6-222D-414A-859C-04A5C1D552DE}.Ad-Hoc|iPhoneSimulator.Build.0 = Release|Any CPU
		{B37550F6-222D-414A-859C-04A5C1D552DE}.Ad-Hoc|iPhoneSimulator.Deploy.0 = Release|Any CPU
		{B37550F6-222D-414A-859C-04A5C1D552DE}.AppStore|Any CPU.ActiveCfg = Release|Any CPU
		{B37550F6-222D-414A-859C-04A5C1D552DE}.AppStore|Any CPU.Build.0 = Release|Any CPU
		{B37550F6-222D-414A-859C-04A5C1D552DE}.AppStore|Any CPU.Deploy.0 = Release|Any CPU
		{B37550F6-222D-414A-859C-04A5C1D552DE}.AppStore|iPhone.ActiveCfg = Release|Any CPU
		{B37550F6-222D-414A-859C-04A5C1D552DE}.AppStore|iPhone.Build.0 = Release|Any CPU
		{B37550F6-222D-414A-859C-04A5C1D552DE}.AppStore|iPhone.Deploy.0 = Release|Any CPU
		{B37550F6-222D-414A-859C-04A5C1D552DE}.AppStore|iPhoneSimulator.ActiveCfg = Release|Any CPU
		{B37550F6-222D-414A-859C-04A5C1D552DE}.AppStore|iPhoneSimulator.Build.0 = Release|Any CPU
		{B37550F6-222D-414A-859C-04A5C1D552DE}.AppStore|iPhoneSimulator.Deploy.0 = Release|Any CPU
		{B37550F6-222D-414A-859C-04A5C1D552DE}.Debug|Any CPU.ActiveCfg = Debug|Any CPU
		{B37550F6-222D-414A-859C-04A5C1D552DE}.Debug|Any CPU.Build.0 = Debug|Any CPU
		{B37550F6-222D-414A-859C-04A5C1D552DE}.Debug|Any CPU.Deploy.0 = Debug|Any CPU
		{B37550F6-222D-414A-859C-04A5C1D552DE}.Debug|iPhone.ActiveCfg = Debug|Any CPU
		{B37550F6-222D-414A-859C-04A5C1D552DE}.Debug|iPhone.Build.0 = Debug|Any CPU
		{B37550F6-222D-414A-859C-04A5C1D552DE}.Debug|iPhone.Deploy.0 = Debug|Any CPU
		{B37550F6-222D-414A-859C-04A5C1D552DE}.Debug|iPhoneSimulator.ActiveCfg = Debug|Any CPU
		{B37550F6-222D-414A-859C-04A5C1D552DE}.Debug|iPhoneSimulator.Build.0 = Debug|Any CPU
		{B37550F6-222D-414A-859C-04A5C1D552DE}.Debug|iPhoneSimulator.Deploy.0 = Debug|Any CPU
		{B37550F6-222D-414A-859C-04A5C1D552DE}.Release|Any CPU.ActiveCfg = Release|Any CPU
		{B37550F6-222D-414A-859C-04A5C1D552DE}.Release|Any CPU.Build.0 = Release|Any CPU
		{B37550F6-222D-414A-859C-04A5C1D552DE}.Release|Any CPU.Deploy.0 = Release|Any CPU
		{B37550F6-222D-414A-859C-04A5C1D552DE}.Release|iPhone.ActiveCfg = Release|Any CPU
		{B37550F6-222D-414A-859C-04A5C1D552DE}.Release|iPhone.Build.0 = Release|Any CPU
		{B37550F6-222D-414A-859C-04A5C1D552DE}.Release|iPhone.Deploy.0 = Release|Any CPU
		{B37550F6-222D-414A-859C-04A5C1D552DE}.Release|iPhoneSimulator.ActiveCfg = Release|Any CPU
		{B37550F6-222D-414A-859C-04A5C1D552DE}.Release|iPhoneSimulator.Build.0 = Release|Any CPU
		{B37550F6-222D-414A-859C-04A5C1D552DE}.Release|iPhoneSimulator.Deploy.0 = Release|Any CPU
		{7495EAFE-61EC-4ABB-B3CB-E26A7F5EA363}.Ad-Hoc|Any CPU.ActiveCfg = Ad-Hoc|iPhone
		{7495EAFE-61EC-4ABB-B3CB-E26A7F5EA363}.Ad-Hoc|iPhone.ActiveCfg = Ad-Hoc|iPhone
		{7495EAFE-61EC-4ABB-B3CB-E26A7F5EA363}.Ad-Hoc|iPhone.Build.0 = Ad-Hoc|iPhone
		{7495EAFE-61EC-4ABB-B3CB-E26A7F5EA363}.Ad-Hoc|iPhoneSimulator.ActiveCfg = Ad-Hoc|iPhoneSimulator
		{7495EAFE-61EC-4ABB-B3CB-E26A7F5EA363}.Ad-Hoc|iPhoneSimulator.Build.0 = Ad-Hoc|iPhoneSimulator
		{7495EAFE-61EC-4ABB-B3CB-E26A7F5EA363}.AppStore|Any CPU.ActiveCfg = AppStore|iPhone
		{7495EAFE-61EC-4ABB-B3CB-E26A7F5EA363}.AppStore|iPhone.ActiveCfg = AppStore|iPhone
		{7495EAFE-61EC-4ABB-B3CB-E26A7F5EA363}.AppStore|iPhone.Build.0 = AppStore|iPhone
		{7495EAFE-61EC-4ABB-B3CB-E26A7F5EA363}.AppStore|iPhoneSimulator.ActiveCfg = AppStore|iPhoneSimulator
		{7495EAFE-61EC-4ABB-B3CB-E26A7F5EA363}.AppStore|iPhoneSimulator.Build.0 = AppStore|iPhoneSimulator
		{7495EAFE-61EC-4ABB-B3CB-E26A7F5EA363}.Debug|Any CPU.ActiveCfg = Debug|iPhone
		{7495EAFE-61EC-4ABB-B3CB-E26A7F5EA363}.Debug|iPhone.ActiveCfg = Debug|iPhone
		{7495EAFE-61EC-4ABB-B3CB-E26A7F5EA363}.Debug|iPhone.Build.0 = Debug|iPhone
		{7495EAFE-61EC-4ABB-B3CB-E26A7F5EA363}.Debug|iPhoneSimulator.ActiveCfg = Debug|iPhoneSimulator
		{7495EAFE-61EC-4ABB-B3CB-E26A7F5EA363}.Debug|iPhoneSimulator.Build.0 = Debug|iPhoneSimulator
		{7495EAFE-61EC-4ABB-B3CB-E26A7F5EA363}.Release|Any CPU.ActiveCfg = Release|iPhone
		{7495EAFE-61EC-4ABB-B3CB-E26A7F5EA363}.Release|iPhone.ActiveCfg = Release|iPhone
		{7495EAFE-61EC-4ABB-B3CB-E26A7F5EA363}.Release|iPhone.Build.0 = Release|iPhone
		{7495EAFE-61EC-4ABB-B3CB-E26A7F5EA363}.Release|iPhoneSimulator.ActiveCfg = Release|iPhoneSimulator
		{7495EAFE-61EC-4ABB-B3CB-E26A7F5EA363}.Release|iPhoneSimulator.Build.0 = Release|iPhoneSimulator
	EndGlobalSection
	GlobalSection(SolutionProperties) = preSolution
		HideSolutionNode = FALSE
	EndGlobalSection
	GlobalSection(ExtensibilityGlobals) = postSolution
		SolutionGuid = {837B273D-8EAB-4C0A-976A-8F2E68231EC3}
	EndGlobalSection
EndGlobal
